<?xml version="1.0" encoding="UTF-8" standalone="yes" ?>
<CodeBlocks_project_file>
	<FileVersion major="1" minor="6" />
	<Project>
		<Option title="Interpreter" />
		<Option pch_mode="2" />
		<Option compiler="gcc" />
		<Build>
			<Target title="Debug">
				<Option output="bin/Debug/LikeMagicDebugBuild" prefix_auto="1" extension_auto="1" />
				<Option working_dir="../Interpreter" />
				<Option object_output="obj/Debug/" />
				<Option type="1" />
				<Option compiler="gcc" />
				<Option parameters="../Irrliscope/Server/Irrliscope.io" />
				<Compiler>
					<Add option="-g" />
				</Compiler>
				<ExtraCommands>
					<Add before="./delete-if-older.sh bin/Debug/LikeMagicDebugBuild   ../RakNetBindings/libRakNetBindings-Linux.a ../BulletBindings/libBulletBindings-Linux.a ../IrrlichtBindings/libIrrlichtBindings-Linux.a ../CustomBindings/libCustomBindings-Linux.a ../raknet/build-gcc-linux/Lib/LibStatic/libRakNetStatic.a ../irrlicht/lib/Linux/libIrrlicht.a ../bullet/build-gcc-linux/src/BulletSoftBody/libBulletSoftBody.a ../bullet/build-gcc-linux/src/BulletDynamics/libBulletDynamics.a ../bullet/build-gcc-linux/src/BulletCollision/libBulletCollision.a ../bullet/build-gcc-linux/src/LinearMath/libLinearMath.a ../LikeMagic/libLikeMagic-Linux.a ../io/_build/lib/libiovmall_static.a" />
					<Mode after="always" />
				</ExtraCommands>
			</Target>
			<Target title="Release">
				<Option output="bin/Release/LikeMagic" prefix_auto="1" extension_auto="1" />
				<Option working_dir="../Interpreter" />
				<Option object_output="obj/Release/" />
				<Option type="1" />
				<Option compiler="gcc" />
				<Option parameters="../../wayup/Script/wayup.io" />
				<Compiler>
					<Add option="-Os" />
				</Compiler>
				<Linker>
					<Add option="-s" />
				</Linker>
			</Target>
		</Build>
		<Compiler>
			<Add option="-Wextra" />
			<Add option="-Wall" />
			<Add option="-fexceptions" />
			<Add option="--std=c++0x" />
			<Add option="-Werror=return-type" />
			<Add option="-fdiagnostics-show-option" />
			<Add option="-Wno-unused-variable" />
			<Add option="-Wno-unused-parameter" />
			<Add option="-Wno-deprecated" />
			<Add option="-Wno-ignored-qualifiers" />
			<Add option="-DUSE_RAKNET" />
			<Add directory="../BulletBindings/Include" />
			<Add directory="../CustomBindings/Include" />
			<Add directory="../Interpreter/Include" />
			<Add directory="../IrrlichtBindings/Include" />
			<Add directory="../LikeMagic/Include" />
			<Add directory="../boost" />
			<Add directory="../io/_build/headers" />
			<Add directory="../bullet/src" />
			<Add directory="../irrlicht/include" />
			<Add directory="../IrrKlangBindings/Include" />
			<Add directory="../RakNetBindings/Include" />
		</Compiler>
		<Linker>
			<Add option="-L/usr/X11R6/lib" />
			<Add option="-L../../lib/Linux" />
			<Add option="-lGL" />
			<Add option="-lXxf86vm" />
			<Add option="-lXext" />
			<Add option="-lX11" />
			<Add option="-ldl" />
			<Add option="-lpthread" />
			<Add library="../RakNetBindings/libRakNetBindings-Linux.a" />
			<Add library="../BulletBindings/libBulletBindings-Linux.a" />
			<Add library="../IrrlichtBindings/libIrrlichtBindings-Linux.a" />
			<Add library="../CustomBindings/libCustomBindings-Linux.a" />
			<Add library="../raknet/build-gcc-linux/Lib/LibStatic/libRakNetStatic.a" />
			<Add library="../irrlicht/lib/Linux/libIrrlicht.a" />
			<Add library="../bullet/build-gcc-linux/src/BulletSoftBody/libBulletSoftBody.a" />
			<Add library="../bullet/build-gcc-linux/src/BulletDynamics/libBulletDynamics.a" />
			<Add library="../bullet/build-gcc-linux/src/BulletCollision/libBulletCollision.a" />
			<Add library="../bullet/build-gcc-linux/src/LinearMath/libLinearMath.a" />
			<Add library="../LikeMagic/libLikeMagic-Linux.a" />
			<Add library="../io/_build/lib/libiovmall_static.a" />
		</Linker>
		<Unit filename="../Interpreter/Include/Interpreter/Bindings.hpp" />
		<Unit filename="../Interpreter/Include/Interpreter/Protos.hpp" />
		<Unit filename="../Interpreter/Source/Bindings.cpp" />
		<Unit filename="../Interpreter/Source/Protos.cpp" />
		<Unit filename="../Interpreter/Source/main.cpp" />
		<Unit filename="../IrrKlangBindings/Include/Bindings/IrrKlang/Bindings.hpp" />
		<Unit filename="../IrrKlangBindings/Include/Bindings/IrrKlang/Protos.hpp" />
		<Unit filename="../IrrKlangBindings/Source/Bindings.cpp" />
		<Unit filename="../IrrKlangBindings/Source/Protos.cpp" />
		<Extensions>
			<code_completion />
			<debugger>
				<search_path add="../io/libs/iovm" />
				<search_path add="../io/libs/garbagecollector" />
				<search_path add="../io/libs/basekit" />
				<search_path add="../io/libs/coroutine" />
				<remote_debugging target="Debug">
					<options conn_type="0" serial_baud="115200" additional_cmds_before="directory ~/code/io/libs/iovm&#x0A;directory ~/code/io/libs/garbagecollector&#x0A;directory ~/code/io/libs/basekit&#x0A;directory ~/code/io/libs/coroutine&#x0A;" />
				</remote_debugging>
			</debugger>
		</Extensions>
	</Project>
</CodeBlocks_project_file>
