<?xml version="1.0" encoding="UTF-8" standalone="yes" ?>
<CodeBlocks_project_file>
	<FileVersion major="1" minor="6" />
	<Project>
		<Option title="Interpreter" />
		<Option pch_mode="2" />
		<Option compiler="gcc" />
		<Build>
			<Target title="Debug">
				<Option output="bin\Debug\LikeMagicDebug" prefix_auto="1" extension_auto="1" />
				<Option working_dir="..\..\..\Interpreter\Script" />
				<Option object_output="obj\Debug\" />
				<Option type="1" />
				<Option compiler="gcc" />
				<Option parameters="../../wayup/Script/wayup.io" />
				<Compiler>
					<Add option="-g" />
				</Compiler>
				<ExtraCommands>
					<Add after='cmd /C &quot;xcopy ..\BulletBindings\*.dll bin\Debug /d /y&quot;' />
					<Add after='cmd /C &quot;xcopy ..\CustomBindings\*.dll bin\Debug /d /y&quot;' />
					<Add after='cmd /C &quot;xcopy ..\IrrlichtBindings\*.dll bin\Debug /d /y&quot;' />
					<Add after='cmd /C &quot;xcopy ..\irrlicht\bin\Win32-gcc\*.dll bin\Debug /d /y&quot;' />
					<Add after='cmd /C &quot;xcopy ..\io\_build\dll\*.dll bin\Debug /d /y&quot;' />
					<Mode after="always" />
				</ExtraCommands>
			</Target>
			<Target title="Release">
				<Option output="bin\Debug\LikeMagic" prefix_auto="1" extension_auto="1" />
				<Option object_output="obj\Release\" />
				<Option type="1" />
				<Option compiler="gcc" />
				<Compiler>
					<Add option="-O2" />
				</Compiler>
				<Linker>
					<Add option="-s" />
				</Linker>
			</Target>
		</Build>
		<Compiler>
			<Add option="-Wextra" />
			<Add option="-Wall" />
			<Add option="-g" />
			<Add option="-m32" />
			<Add option="-fexceptions" />
			<Add option="--std=c++0x" />
			<Add option="-Wreturn-type" />
			<Add option="-Wno-unused" />
			<Add option="-Wno-deprecated" />
			<Add option="-fdiagnostics-show-option" />
			<Add option="-Werror=return-type" />
			<Add option="-Wno-ignored-qualifiers" />
			<Add option="-DNO_USE_IRRKLANG" />
			<Add directory="..\LikeMagic\Include" />
			<Add directory="..\boost" />
			<Add directory="..\CustomBindings\Include" />
			<Add directory="..\Interpreter\Include" />
			<Add directory="..\BulletBindings\Include" />
			<Add directory="..\IrrlichtBindings\Include" />
		</Compiler>
		<Linker>
			<Add option="-m32" />
			<Add library="..\BulletBindings\libBulletBindings.dll.a" />
			<Add library="..\CustomBindings\libCustomBindings-Windows.dll.a" />
			<Add library="..\IrrlichtBindings\libIrrlichtBindings.dll.a" />
			<Add library="..\LikeMagic\libLikeMagic.a" />
			<Add library="..\io\_build\dll\libbasekit.dll.a" />
			<Add library="..\io\_build\dll\libcoroutine.dll.a" />
			<Add library="..\io\_build\dll\libgarbagecollector.dll.a" />
			<Add library="..\io\_build\dll\libiovmall.dll.a" />
		</Linker>
		<Unit filename="Include\Interpreter\Bindings.hpp" />
		<Unit filename="Include\Interpreter\Protos.hpp" />
		<Unit filename="Media\IrrlichtExample\2ddemo.png" />
		<Unit filename="Script\Examples\01_LoadImage.io" />
		<Unit filename="Script\Examples\02_Sprites.io" />
		<Unit filename="Script\Examples\03_Movement.io" />
		<Unit filename="Script\graphics_test.io" />
		<Unit filename="Script\physics_test.io" />
		<Unit filename="Script\physics_test2.io" />
		<Unit filename="Script\settings_demo.io" />
		<Unit filename="Script\test_both.io" />
		<Unit filename="Script\type_conv_test.io" />
		<Unit filename="Source\Bindings.cpp" />
		<Unit filename="Source\Protos.cpp" />
		<Unit filename="Source\main.cpp" />
		<Extensions>
			<code_completion />
			<debugger />
		</Extensions>
	</Project>
</CodeBlocks_project_file>
