<?xml version="1.0" encoding="UTF-8" standalone="yes" ?>
<CodeBlocks_project_file>
	<FileVersion major="1" minor="6" />
	<Project>
		<Option title="GameInterpreter" />
		<Option pch_mode="2" />
		<Option default_target="Debug Mac" />
		<Option compiler="gcc" />
		<Build>
			<Target title="Debug Linux">
				<Option platforms="Unix;" />
				<Option output="bin\Debug\LikeMagicDebugBuild" prefix_auto="1" extension_auto="1" />
				<Option working_dir="..\Interpreter" />
				<Option object_output="obj\Debug\" />
				<Option external_deps="..\LikeMagic\libLikeMagic-Linux.a;" />
				<Option type="1" />
				<Option compiler="gcc" />
				<Option use_console_runner="0" />
				<Option parameters="/home/dennis/code/wayup/TestScripts/IrrlichtHello.io.inl" />
				<Compiler>
					<Add option="-g" />
					<Add option="-DNO_USE_DMALLOC" />
					<Add directory="..\GameBindings\Deps\irrlicht\include" />
				</Compiler>
				<Linker>
					<Add option="-Xlinker --no-as-needed" />
					<Add option="-lGL" />
					<Add option="-lXxf86vm" />
					<Add option="-lXext" />
					<Add option="-lX11" />
					<Add option="-ldl" />
					<Add option="-lpthread" />
					<Add option="-v" />
					<Add library="..\desteer\bindings\libDESteerBindings.a" />
					<Add library="..\desteer\lib\libdesteer.a" />
					<Add library="..\LikeMagic\StdBindings\libStdBindings-Linux.a" />
					<Add library="..\LikeMagic\libLikeMagic-Linux.a" />
					<Add library="..\Iocaste\libIocaste-Linux.a" />
					<Add library="..\GameBindings\libGameBindings-Linux.a" />
					<Add library="..\GameBindings\Deps\irrlicht\lib\Linux\libIrrlicht.a" />
					<Add library="..\GameBindings\Deps\bullet\build-gcc-linux\src\BulletSoftBody\libBulletSoftBody.a" />
					<Add library="..\GameBindings\Deps\bullet\build-gcc-linux\src\BulletDynamics\libBulletDynamics.a" />
					<Add library="..\GameBindings\Deps\bullet\build-gcc-linux\src\BulletCollision\libBulletCollision.a" />
					<Add library="..\GameBindings\Deps\bullet\build-gcc-linux\src\LinearMath\libLinearMath.a" />
				</Linker>
				<ExtraCommands>
					<Add before="./delete-if-older.sh bin/Debug/LikeMagicDebugBuild  ../desteer/lib/libdesteer.a ../desteer/bindings/libDESteerBindings.a   ../GameBindings/libGameBindings-Linux.a" />
					<Add after="#cp -R -f ../LikeMagic/Script/Io/* ../../wayup/Engine/LikeMagic" />
					<Add after="#cp -R -f ../GameBindings/Script/* ../../wayup/Engine/LikeMagic" />
					<Add after="#cp -R -f ../desteer/bindings/Script/* ../../wayup/Engine/LikeMagic" />
					<Add after="#play /usr/share/sounds/ubuntu/stereo/system-ready.ogg 2&gt; /dev/null" />
					<Mode after="always" />
				</ExtraCommands>
			</Target>
			<Target title="Release Linux">
				<Option platforms="Unix;" />
				<Option output="bin\Release\LikeMagic" prefix_auto="1" extension_auto="1" />
				<Option working_dir="..\Interpreter" />
				<Option object_output="obj\Release\" />
				<Option type="1" />
				<Option compiler="gcc" />
				<Option parameters="../../wayup/Engine/Startup.io" />
				<Compiler>
					<Add option="-Os" />
					<Add directory="..\GameBindings\Deps\irrlicht\include" />
				</Compiler>
				<Linker>
					<Add option="-s" />
					<Add option="-L/usr/X11R6/lib" />
					<Add option="-L../../lib/Linux" />
					<Add option="-lGL" />
					<Add option="-lXxf86vm" />
					<Add option="-lXext" />
					<Add option="-lX11" />
					<Add option="-ldl" />
					<Add option="-lpthread" />
					<Add library="..\desteer\bindings\libDESteerBindings.a" />
					<Add library="..\desteer\lib\libdesteer.a" />
					<Add library="..\LikeMagic\libLikeMagic-Linux.a" />
					<Add library="..\Iocaste\libIocaste-Linux.a" />
					<Add library="..\LikeMagic\StdBindings\libStdBindings-Linux.a" />
					<Add library="..\GameBindings\libGameBindings-Linux.a" />
					<Add library="..\GameBindings\Deps\irrlicht\lib\Linux\libIrrlicht.a" />
					<Add library="..\GameBindings\Deps\bullet\build-gcc-linux\src\BulletSoftBody\libBulletSoftBody.a" />
					<Add library="..\GameBindings\Deps\bullet\build-gcc-linux\src\BulletDynamics\libBulletDynamics.a" />
					<Add library="..\GameBindings\Deps\bullet\build-gcc-linux\src\BulletCollision\libBulletCollision.a" />
					<Add library="..\GameBindings\Deps\bullet\build-gcc-linux\src\LinearMath\libLinearMath.a" />
				</Linker>
				<ExtraCommands>
					<Add before="./delete-if-older.sh bin/Release/LikeMagic  ../desteer/lib/libdesteer.a ../desteer/bindings/libDESteerBindings.a   ../GameBindings/libGameBindings-Linux.a  ../irrlicht/lib/Linux/libIrrlicht.a ../bullet/build-gcc-linux/src/BulletSoftBody/libBulletSoftBody.a ../bullet/build-gcc-linux/src/BulletDynamics/libBulletDynamics.a ../bullet/build-gcc-linux/src/BulletCollision/libBulletCollision.a ../bullet/build-gcc-linux/src/LinearMath/libLinearMath.a ../LikeMagic/libLikeMagic-Linux.a ../io/_build/lib/libiovmall_static.a" />
					<Add after="#cp -R -f ../LikeMagic/Script/Io/* ../Irrliscope/Server/LikeMagic" />
					<Add after="#cp -R -f ../GameBindings/Script/* ../Irrliscope/Server/LikeMagic" />
				</ExtraCommands>
			</Target>
			<Target title="Debug Windows Shared Broken">
				<Option platforms="" />
				<Option output="bin\Debug\LikeMagicDebugBuild" prefix_auto="1" extension_auto="1" />
				<Option working_dir="..\Interpreter" />
				<Option object_output="obj\Debug\" />
				<Option external_deps="..\LikeMagic\libLikeMagic-Linux.a;" />
				<Option type="1" />
				<Option compiler="gcc" />
				<Option use_console_runner="0" />
				<Option parameters="../../wayup/Engine/Startup.io.inl" />
				<Option projectLinkerOptionsRelation="1" />
				<Compiler>
					<Add option="-g" />
					<Add option="-DNO_USE_DMALLOC" />
					<Add option="-DUSE_DLL_BUILD" />
				</Compiler>
				<Linker>
					<Add option="-m32" />
					<Add option="-shared-libgcc" />
					<Add library="..\GameBindings\libGameBindings-Windows.dll.a" />
					<Add library="..\desteer\bindings\libDESteerBindings-Windows.dll.a" />
					<Add library="..\LikeMagic\StdBindings\libStdBindings-Windows.dll.a" />
					<Add library="..\Iocaste\libIocaste-Windows.a" />
					<Add library="..\LikeMagic\libLikeMagic-Windows.a" />
				</Linker>
				<ExtraCommands>
					<Add after="PostBuild-Windows.bat" />
					<Mode after="always" />
				</ExtraCommands>
			</Target>
			<Target title="Debug Mac">
				<Option platforms="Mac;" />
				<Option output="bin\Debug\LikeMagicDebugBuild" prefix_auto="1" extension_auto="1" />
				<Option working_dir="..\Interpreter" />
				<Option object_output="obj\Debug\" />
				<Option external_deps="..\LikeMagic\libLikeMagic-Mac.a;" />
				<Option type="1" />
				<Option compiler="gcc" />
				<Option use_console_runner="0" />
				<Option parameters="/Users/dennisferron/code/wayup/Engine/Startup.io.inl" />
				<Compiler>
					<Add option="-g" />
					<Add option="-DNO_USE_DMALLOC" />
					<Add directory="..\GameBindings\IrrlichtTest" />
				</Compiler>
				<Linker>
					<Add option="-ldl" />
					<Add option="-lpthread" />
					<Add option="-L/Users/dennisferron/code/LikeMagic-All/Interpreter/bin/Debug" />
					<Add option="-F/Users/dennisferron/code/LikeMagic-All/Interpreter/bin/Debug" />
					<Add option="-framework Foundation" />
					<Add option="-framework AppKit" />
					<Add option="-framework Cocoa" />
					<Add option="-framework OpenGL" />
					<Add option="-framework Carbon" />
					<Add option="-framework IOKit" />
					<Add option="-v" />
					<Add library="..\GameBindings\libGameBindings-Mac.a" />
					<Add library="..\GameBindings\Deps\bullet\build-gcc-mac\src\BulletSoftBody\libBulletSoftBody.a" />
					<Add library="..\GameBindings\Deps\bullet\build-gcc-mac\src\BulletDynamics\libBulletDynamics.a" />
					<Add library="..\GameBindings\Deps\bullet\build-gcc-mac\src\BulletCollision\libBulletCollision.a" />
					<Add library="..\GameBindings\Deps\bullet\build-gcc-mac\src\LinearMath\libLinearMath.a" />
					<Add library="..\LikeMagic\libLikeMagic-Mac.a" />
					<Add library="..\LikeMagic\StdBindings\libStdBindings-Mac.a" />
					<Add library="..\Iocaste\libIocaste-Mac.a" />
					<Add library="..\GameBindings\IrrlichtTest\libIrrlichtTest.a" />
					<Add library="..\GameBindings\IrrlichtObjFiles\libIrrlichtObjFiles.a" />
					<Add library="..\..\irrlicht-1.8-unstable\lib\libIrrlicht-Mac.a" />
					<Add library="..\desteer\bindings\libDESteerBindings-Mac.a" />
					<Add library="..\desteer\lib\libdesteer.a" />
				</Linker>
				<ExtraCommands>
					<Add before="./delete-if-older.sh bin/Debug/LikeMagicDebugBuild  ../desteer/lib/libdesteer.a ../desteer/bindings/libDESteerBindings.a   ../GameBindings/libGameBindings-Linux.a" />
					<Add after="#cp -R -f ../LikeMagic/Script/Io/* ../../wayup/Engine/LikeMagic" />
					<Add after="#cp -R -f ../GameBindings/Script/* ../../wayup/Engine/LikeMagic" />
					<Add after="#cp -R -f ../desteer/bindings/Script/* ../../wayup/Engine/LikeMagic" />
					<Add after="#play /usr/share/sounds/ubuntu/stereo/system-ready.ogg 2&gt; /dev/null" />
					<Mode after="always" />
				</ExtraCommands>
			</Target>
			<Target title="Debug Windows Static">
				<Option platforms="Windows;" />
				<Option output="bin\Debug\LikeMagicDebugBuild" prefix_auto="1" extension_auto="1" />
				<Option working_dir="..\Interpreter" />
				<Option object_output="obj\Debug\" />
				<Option external_deps="..\LikeMagic\libLikeMagic-Linux.a;..\GameBindings\Deps\irrlicht-1.7.3\lib\Win32-gcc\libIrrlicht.a;" />
				<Option additional_output="bin\Debug\LikeMagicDebugBuild.exe;" />
				<Option type="1" />
				<Option compiler="gcc" />
				<Option use_console_runner="0" />
				<Option parameters="../../wayup/Engine/Startup.io.inl" />
				<Option projectLinkerOptionsRelation="1" />
				<Compiler>
					<Add option="-g" />
					<Add option="-DNO_USE_DMALLOC" />
					<Add option="-DNO_USE_DLL_BUILD" />
				</Compiler>
				<Linker>
					<Add option="-m32" />
					<Add library="..\GameBindings\libGameBindings-Windows.a" />
					<Add library="..\desteer\bindings\libDESteerBindings-Windows.a" />
					<Add library="..\LikeMagic\StdBindings\libStdBindings-Windows.a" />
					<Add library="..\Iocaste\libIocaste-Windows.a" />
					<Add library="..\LikeMagic\libLikeMagic-Windows.a" />
					<Add library="..\desteer\lib\libdesteer.a" />
					<Add library="..\GameBindings\Deps\irrlicht-1.7.3\lib\Win32-gcc\libIrrlicht.a" />
					<Add library="..\GameBindings\libBullet.a" />
					<Add library="kernel32" />
					<Add library="user32" />
					<Add library="gdi32" />
					<Add library="winspool" />
					<Add library="comdlg32" />
					<Add library="advapi32" />
					<Add library="shell32" />
					<Add library="ole32" />
					<Add library="oleaut32" />
					<Add library="uuid" />
					<Add library="opengl32" />
					<Add library="winmm" />
				</Linker>
			</Target>
		</Build>
		<Compiler>
			<Add option="-Wextra" />
			<Add option="-Wall" />
			<Add option="-fexceptions" />
			<Add option="--std=c++0x" />
			<Add option="-Werror=return-type" />
			<Add option="-fdiagnostics-show-option" />
			<Add option="-Wno-unused-variable" />
			<Add option="-Wno-unused-parameter" />
			<Add option="-Wno-deprecated" />
			<Add option="-Wno-ignored-qualifiers" />
			<Add option="-DWIN32" />
			<Add option="-D_DEBUG" />
			<Add option="-D_WINDOWS" />
			<Add option="-D_IRR_STATIC_LIB_" />
			<Add option="-D_CRT_SECURE_NO_DEPRECATE" />
			<Add option="-D__GNUWIN32__" />
			<Add directory="..\GameBindings\Include" />
			<Add directory="..\Interpreter\Include" />
			<Add directory="..\LikeMagic\StdBindings\Include" />
			<Add directory="..\LikeMagic\Include" />
			<Add directory="..\Common\boost_1_49_0" />
			<Add directory="..\desteer\bindings\Include" />
			<Add directory="..\Iocaste\Include" />
			<Add directory="..\Iocaste\iovm\source" />
			<Add directory="..\Iocaste\basekit\source" />
			<Add directory="..\Iocaste\garbagecollector\source" />
			<Add directory="\usr\X11R6\include" />
			<Add directory="..\Iocaste\Include\Iocaste\CShims" />
		</Compiler>
		<Linker>
			<Add directory="\usr\X11R6\lib" />
		</Linker>
		<Unit filename="..\Interpreter\Include\Interpreter\Bindings.hpp" />
		<Unit filename="..\Interpreter\Source\Bindings.cpp" />
		<Unit filename="..\Interpreter\Source\main.cpp" />
		<Extensions>
			<code_completion />
			<debugger>
				<search_path add="../LikeMagic/Include" />
				<search_path add="../desteer/bindings/Include" />
				<search_path add="../GameBindings/Deps/irrlicht/source/Irrlicht" />
				<search_path add="../Iocaste/Source" />
				<search_path add="../LikeMagic/Source" />
				<search_path add="../LikeMagic/Include/LikeMagic" />
				<search_path add="../LikeMagic/Include/LikeMagic/CallTargets" />
				<search_path add="../GameBindings/Deps/irrlicht/include" />
				<search_path add="../GameBindings/Deps/irrlicht/source" />
				<search_path add="../GameBindings/Deps/irrlicht" />
				<remote_debugging target="Debug Mac">
					<options conn_type="0" serial_baud="115200" skip_ld_path="1" />
				</remote_debugging>
			</debugger>
			<envvars />
		</Extensions>
	</Project>
</CodeBlocks_project_file>
